
Microsoft Visual Studio Solution File, Format Version 12.00
# Visual Studio 14
VisualStudioVersion = 14.0.25420.1
MinimumVisualStudioVersion = 10.0.40219.1
Project("{8BB2217D-0F2D-49D1-97BC-3654ED321F3B}") = "Consumer", "Consumer\Consumer.xproj", "{A1788C07-5F0E-4195-B0C5-98993F4DBD5D}"
EndProject
Project("{8BB2217D-0F2D-49D1-97BC-3654ED321F3B}") = "Producer", "Producer\Producer.xproj", "{0FDCB17F-28A1-4A62-82E9-4A6A373BBC43}"
EndProject
Project("{2150E333-8FDC-42A3-9474-1A3956D46DE8}") = "ProducerConsumer", "ProducerConsumer", "{36182A88-E6E0-41A8-9A57-977FE9F520E9}"
EndProject
Project("{2150E333-8FDC-42A3-9474-1A3956D46DE8}") = "WorkQueue", "WorkQueue", "{83AA530B-5E03-4EA8-B12A-FD92D3D6A10B}"
EndProject
Project("{8BB2217D-0F2D-49D1-97BC-3654ED321F3B}") = "TaskProducer", "TaskProducer\TaskProducer.xproj", "{AF080B67-AB9A-4473-8141-1D727D8745E7}"
EndProject
Project("{8BB2217D-0F2D-49D1-97BC-3654ED321F3B}") = "TaskConsumer", "TaskConsumer\TaskConsumer.xproj", "{DE99FF8F-0D93-4587-8269-186268803A01}"
EndProject
Project("{2150E333-8FDC-42A3-9474-1A3956D46DE8}") = "PublishSubscribe", "PublishSubscribe", "{3B68E86B-5816-45FA-82EC-A1BF81A68107}"
EndProject
Project("{8BB2217D-0F2D-49D1-97BC-3654ED321F3B}") = "LogBroadcaster", "LogBroadcaster\LogBroadcaster.xproj", "{216E7DCF-D5C8-4228-B991-E522A241FDAE}"
EndProject
Project("{8BB2217D-0F2D-49D1-97BC-3654ED321F3B}") = "LogReceiver", "LogReceiver\LogReceiver.xproj", "{0EC7AE9D-2DCF-4E17-96B9-20992E37570E}"
EndProject
Project("{2150E333-8FDC-42A3-9474-1A3956D46DE8}") = "Routing", "Routing", "{CEF0F319-FAD4-4841-B326-3ECEEB20C58D}"
EndProject
Project("{8BB2217D-0F2D-49D1-97BC-3654ED321F3B}") = "LogSenderDirect", "LogSenderDirect\LogSenderDirect.xproj", "{533F0E59-9E3D-4E83-80D3-D899DADA2089}"
EndProject
Project("{8BB2217D-0F2D-49D1-97BC-3654ED321F3B}") = "DataModel", "DataModel\DataModel.xproj", "{E9E9CD1A-3320-4562-9537-9F20EBEE4A34}"
EndProject
Project("{8BB2217D-0F2D-49D1-97BC-3654ED321F3B}") = "LogReceiverDirect", "LogReceiverDirect\LogReceiverDirect.xproj", "{FCA6E7EC-7087-4E03-B7A5-71609A9BF06C}"
EndProject
Project("{2150E333-8FDC-42A3-9474-1A3956D46DE8}") = "Topics", "Topics", "{143A6579-4476-493D-9A26-64F5D7D00DC3}"
EndProject
Project("{8BB2217D-0F2D-49D1-97BC-3654ED321F3B}") = "LogSenderTopic", "LogSenderTopic\LogSenderTopic.xproj", "{91FB8E33-93B1-4851-9E66-A337663F2DE5}"
EndProject
Project("{8BB2217D-0F2D-49D1-97BC-3654ED321F3B}") = "LogReceiverTopic", "LogReceiverTopic\LogReceiverTopic.xproj", "{B9E46F9E-49A8-4B04-9FD8-2A70082E910D}"
EndProject
Global
	GlobalSection(SolutionConfigurationPlatforms) = preSolution
		Debug|Any CPU = Debug|Any CPU
		Release|Any CPU = Release|Any CPU
	EndGlobalSection
	GlobalSection(ProjectConfigurationPlatforms) = postSolution
		{A1788C07-5F0E-4195-B0C5-98993F4DBD5D}.Debug|Any CPU.ActiveCfg = Debug|Any CPU
		{A1788C07-5F0E-4195-B0C5-98993F4DBD5D}.Debug|Any CPU.Build.0 = Debug|Any CPU
		{A1788C07-5F0E-4195-B0C5-98993F4DBD5D}.Release|Any CPU.ActiveCfg = Release|Any CPU
		{A1788C07-5F0E-4195-B0C5-98993F4DBD5D}.Release|Any CPU.Build.0 = Release|Any CPU
		{0FDCB17F-28A1-4A62-82E9-4A6A373BBC43}.Debug|Any CPU.ActiveCfg = Debug|Any CPU
		{0FDCB17F-28A1-4A62-82E9-4A6A373BBC43}.Debug|Any CPU.Build.0 = Debug|Any CPU
		{0FDCB17F-28A1-4A62-82E9-4A6A373BBC43}.Release|Any CPU.ActiveCfg = Release|Any CPU
		{0FDCB17F-28A1-4A62-82E9-4A6A373BBC43}.Release|Any CPU.Build.0 = Release|Any CPU
		{AF080B67-AB9A-4473-8141-1D727D8745E7}.Debug|Any CPU.ActiveCfg = Debug|Any CPU
		{AF080B67-AB9A-4473-8141-1D727D8745E7}.Debug|Any CPU.Build.0 = Debug|Any CPU
		{AF080B67-AB9A-4473-8141-1D727D8745E7}.Release|Any CPU.ActiveCfg = Release|Any CPU
		{AF080B67-AB9A-4473-8141-1D727D8745E7}.Release|Any CPU.Build.0 = Release|Any CPU
		{DE99FF8F-0D93-4587-8269-186268803A01}.Debug|Any CPU.ActiveCfg = Debug|Any CPU
		{DE99FF8F-0D93-4587-8269-186268803A01}.Debug|Any CPU.Build.0 = Debug|Any CPU
		{DE99FF8F-0D93-4587-8269-186268803A01}.Release|Any CPU.ActiveCfg = Release|Any CPU
		{DE99FF8F-0D93-4587-8269-186268803A01}.Release|Any CPU.Build.0 = Release|Any CPU
		{216E7DCF-D5C8-4228-B991-E522A241FDAE}.Debug|Any CPU.ActiveCfg = Debug|Any CPU
		{216E7DCF-D5C8-4228-B991-E522A241FDAE}.Debug|Any CPU.Build.0 = Debug|Any CPU
		{216E7DCF-D5C8-4228-B991-E522A241FDAE}.Release|Any CPU.ActiveCfg = Release|Any CPU
		{216E7DCF-D5C8-4228-B991-E522A241FDAE}.Release|Any CPU.Build.0 = Release|Any CPU
		{0EC7AE9D-2DCF-4E17-96B9-20992E37570E}.Debug|Any CPU.ActiveCfg = Debug|Any CPU
		{0EC7AE9D-2DCF-4E17-96B9-20992E37570E}.Debug|Any CPU.Build.0 = Debug|Any CPU
		{0EC7AE9D-2DCF-4E17-96B9-20992E37570E}.Release|Any CPU.ActiveCfg = Release|Any CPU
		{0EC7AE9D-2DCF-4E17-96B9-20992E37570E}.Release|Any CPU.Build.0 = Release|Any CPU
		{533F0E59-9E3D-4E83-80D3-D899DADA2089}.Debug|Any CPU.ActiveCfg = Debug|Any CPU
		{533F0E59-9E3D-4E83-80D3-D899DADA2089}.Debug|Any CPU.Build.0 = Debug|Any CPU
		{533F0E59-9E3D-4E83-80D3-D899DADA2089}.Release|Any CPU.ActiveCfg = Release|Any CPU
		{533F0E59-9E3D-4E83-80D3-D899DADA2089}.Release|Any CPU.Build.0 = Release|Any CPU
		{E9E9CD1A-3320-4562-9537-9F20EBEE4A34}.Debug|Any CPU.ActiveCfg = Debug|Any CPU
		{E9E9CD1A-3320-4562-9537-9F20EBEE4A34}.Debug|Any CPU.Build.0 = Debug|Any CPU
		{E9E9CD1A-3320-4562-9537-9F20EBEE4A34}.Release|Any CPU.ActiveCfg = Release|Any CPU
		{E9E9CD1A-3320-4562-9537-9F20EBEE4A34}.Release|Any CPU.Build.0 = Release|Any CPU
		{FCA6E7EC-7087-4E03-B7A5-71609A9BF06C}.Debug|Any CPU.ActiveCfg = Debug|Any CPU
		{FCA6E7EC-7087-4E03-B7A5-71609A9BF06C}.Debug|Any CPU.Build.0 = Debug|Any CPU
		{FCA6E7EC-7087-4E03-B7A5-71609A9BF06C}.Release|Any CPU.ActiveCfg = Release|Any CPU
		{FCA6E7EC-7087-4E03-B7A5-71609A9BF06C}.Release|Any CPU.Build.0 = Release|Any CPU
		{91FB8E33-93B1-4851-9E66-A337663F2DE5}.Debug|Any CPU.ActiveCfg = Debug|Any CPU
		{91FB8E33-93B1-4851-9E66-A337663F2DE5}.Debug|Any CPU.Build.0 = Debug|Any CPU
		{91FB8E33-93B1-4851-9E66-A337663F2DE5}.Release|Any CPU.ActiveCfg = Release|Any CPU
		{91FB8E33-93B1-4851-9E66-A337663F2DE5}.Release|Any CPU.Build.0 = Release|Any CPU
		{B9E46F9E-49A8-4B04-9FD8-2A70082E910D}.Debug|Any CPU.ActiveCfg = Debug|Any CPU
		{B9E46F9E-49A8-4B04-9FD8-2A70082E910D}.Debug|Any CPU.Build.0 = Debug|Any CPU
		{B9E46F9E-49A8-4B04-9FD8-2A70082E910D}.Release|Any CPU.ActiveCfg = Release|Any CPU
		{B9E46F9E-49A8-4B04-9FD8-2A70082E910D}.Release|Any CPU.Build.0 = Release|Any CPU
	EndGlobalSection
	GlobalSection(SolutionProperties) = preSolution
		HideSolutionNode = FALSE
	EndGlobalSection
	GlobalSection(NestedProjects) = preSolution
		{A1788C07-5F0E-4195-B0C5-98993F4DBD5D} = {36182A88-E6E0-41A8-9A57-977FE9F520E9}
		{0FDCB17F-28A1-4A62-82E9-4A6A373BBC43} = {36182A88-E6E0-41A8-9A57-977FE9F520E9}
		{AF080B67-AB9A-4473-8141-1D727D8745E7} = {83AA530B-5E03-4EA8-B12A-FD92D3D6A10B}
		{DE99FF8F-0D93-4587-8269-186268803A01} = {83AA530B-5E03-4EA8-B12A-FD92D3D6A10B}
		{216E7DCF-D5C8-4228-B991-E522A241FDAE} = {3B68E86B-5816-45FA-82EC-A1BF81A68107}
		{0EC7AE9D-2DCF-4E17-96B9-20992E37570E} = {3B68E86B-5816-45FA-82EC-A1BF81A68107}
		{533F0E59-9E3D-4E83-80D3-D899DADA2089} = {CEF0F319-FAD4-4841-B326-3ECEEB20C58D}
		{FCA6E7EC-7087-4E03-B7A5-71609A9BF06C} = {CEF0F319-FAD4-4841-B326-3ECEEB20C58D}
		{91FB8E33-93B1-4851-9E66-A337663F2DE5} = {143A6579-4476-493D-9A26-64F5D7D00DC3}
		{B9E46F9E-49A8-4B04-9FD8-2A70082E910D} = {143A6579-4476-493D-9A26-64F5D7D00DC3}
	EndGlobalSection
EndGlobal
